
Microsoft Visual Studio Solution File, Format Version 12.00
# Visual Studio Version 16
VisualStudioVersion = 16.0.29609.76
MinimumVisualStudioVersion = 10.0.40219.1
Project("{FAE04EC0-301F-11D3-BF4B-00C04F79EFBC}") = "ConsoleApp1", "ConsoleApp1\ConsoleApp1.csproj", "{82E1E22B-DC61-441B-A207-434DFFA2449D}"
EndProject
Global
	GlobalSection(SolutionConfigurationPlatforms) = preSolution
		Debug|Any CPU = Debug|Any CPU
		Release|Any CPU = Release|Any CPU
	EndGlobalSection
	GlobalSection(ProjectConfigurationPlatforms) = postSolution
		{82E1E22B-DC61-441B-A207-434DFFA2449D}.Debug|Any CPU.ActiveCfg = Debug|Any CPU
		{82E1E22B-DC61-441B-A207-434DFFA2449D}.Debug|Any CPU.Build.0 = Debug|Any CPU
		{82E1E22B-DC61-441B-A207-434DFFA2449D}.Release|Any CPU.ActiveCfg = Release|Any CPU
		{82E1E22B-DC61-441B-A207-434DFFA2449D}.Release|Any CPU.Build.0 = Release|Any CPU
	EndGlobalSection
	GlobalSection(SolutionProperties) = preSolution
		HideSolutionNode = FALSE
	EndGlobalSection
	GlobalSection(ExtensibilityGlobals) = postSolution
		SolutionGuid = {C52D3A3D-EBC7-42E2-8775-03BF7ABE17D1}
	EndGlobalSection
EndGlobal
